
Microsoft Visual Studio Solution File, Format Version 12.00
# Visual Studio 2010
Project("{2150E333-8FDC-42A3-9474-1A3956D46DE8}") = "Solution Items", "Solution Items", "{A65042E1-D8BC-48DD-8DE1-F0991F07EA77}"
	ProjectSection(SolutionItems) = preProject
		src\nunit.snk = src\nunit.snk
	EndProjectSection
EndProject
Project("{2150E333-8FDC-42A3-9474-1A3956D46DE8}") = "Scripts", "Scripts", "{A785FC02-6044-4864-BE24-4593CAD23A97}"
	ProjectSection(SolutionItems) = preProject
		scripts\nunit.build.targets = scripts\nunit.build.targets
		scripts\nunit.common.targets = scripts\nunit.common.targets
		scripts\nunit.package.targets = scripts\nunit.package.targets
	EndProjectSection
EndProject
Project("{2150E333-8FDC-42A3-9474-1A3956D46DE8}") = "NUnitFramework", "NUnitFramework", "{A2FF9F1B-1854-479A-859C-6ECEBF045E4C}"
EndProject
Project("{2150E333-8FDC-42A3-9474-1A3956D46DE8}") = "ClientUtilities", "ClientUtilities", "{D448BA20-BA70-4F70-AF53-4C0E6C1E97E7}"
EndProject
Project("{2150E333-8FDC-42A3-9474-1A3956D46DE8}") = "ConsoleRunner", "ConsoleRunner", "{1DBAF726-8009-41CC-B82A-4EFE94CBEEFC}"
EndProject
Project("{2150E333-8FDC-42A3-9474-1A3956D46DE8}") = "GuiRunner", "GuiRunner", "{77D10207-CB02-4C3A-8734-5A5173E3C506}"
EndProject
Project("{2150E333-8FDC-42A3-9474-1A3956D46DE8}") = "NUnitCore", "NUnitCore", "{AEAED2BD-F22D-42C8-9047-F293BEF70EAB}"
EndProject
Project("{2150E333-8FDC-42A3-9474-1A3956D46DE8}") = "GuiComponents", "GuiComponents", "{168F8C38-129C-454A-B112-F456BC7F4FE4}"
EndProject
Project("{2150E333-8FDC-42A3-9474-1A3956D46DE8}") = "GuiException", "GuiException", "{35A92AA3-A1E6-426E-8D96-322F3EBF1C8D}"
EndProject
Project("{2150E333-8FDC-42A3-9474-1A3956D46DE8}") = "tests", "tests", "{6142B985-EA14-4DE0-884F-E62D89949E1D}"
EndProject
Project("{2150E333-8FDC-42A3-9474-1A3956D46DE8}") = "NUnitMocks", "NUnitMocks", "{7740410A-54B5-4334-8DE3-6D6F616BD6A5}"
EndProject
Project("{2150E333-8FDC-42A3-9474-1A3956D46DE8}") = "PNUnit", "PNUnit", "{979724B8-6FAA-400F-B40D-EB653A815C87}"
EndProject
Project("{2150E333-8FDC-42A3-9474-1A3956D46DE8}") = "NUnitTestServer", "NUnitTestServer", "{D029F8FD-84E3-4AD3-8F1B-CCA0C856E659}"
EndProject
Project("{2150E333-8FDC-42A3-9474-1A3956D46DE8}") = "ProjectEditor", "ProjectEditor", "{992367F7-9154-4424-B55E-3EF8673A2A36}"
EndProject
Project("{FAE04EC0-301F-11D3-BF4B-00C04F79EFBC}") = "nunit.framework.tests", "src\NUnitFramework\tests\nunit.framework.tests.csproj", "{8C326431-AE57-4645-ACC1-A90A0B425129}"
EndProject
Project("{FAE04EC0-301F-11D3-BF4B-00C04F79EFBC}") = "nunit.framework.dll", "src\NUnitFramework\framework\nunit.framework.dll.csproj", "{83DD7E12-A705-4DBA-9D71-09C8973D9382}"
EndProject
Project("{FAE04EC0-301F-11D3-BF4B-00C04F79EFBC}") = "nunit.util.tests", "src\ClientUtilities\tests\nunit.util.tests.csproj", "{74EF7165-117E-48ED-98EA-068EAE438E53}"
EndProject
Project("{FAE04EC0-301F-11D3-BF4B-00C04F79EFBC}") = "nunit.util.dll", "src\ClientUtilities\util\nunit.util.dll.csproj", "{61CE9CE5-943E-44D4-A381-814DC1406767}"
EndProject
Project("{FAE04EC0-301F-11D3-BF4B-00C04F79EFBC}") = "nunit-console.tests", "src\ConsoleRunner\tests\nunit-console.tests.csproj", "{8597D2C6-804D-48CB-BFC7-ED2404D389B0}"
EndProject
Project("{FAE04EC0-301F-11D3-BF4B-00C04F79EFBC}") = "nunit-console", "src\ConsoleRunner\nunit-console\nunit-console.csproj", "{9367EC89-6A38-42BA-9607-0DC288E4BC3A}"
EndProject
Project("{FAE04EC0-301F-11D3-BF4B-00C04F79EFBC}") = "nunit-console.exe", "src\ConsoleRunner\nunit-console-exe\nunit-console.exe.csproj", "{53BF8787-CB9C-4BB8-AFB4-605DD3A5CA0E}"
EndProject
Project("{FAE04EC0-301F-11D3-BF4B-00C04F79EFBC}") = "nunit-gui", "src\GuiRunner\nunit-gui\nunit-gui.csproj", "{3FF340D5-D3B4-4DF0-BAF1-98B3C00B6148}"
EndProject
Project("{FAE04EC0-301F-11D3-BF4B-00C04F79EFBC}") = "nunit-gui.tests", "src\GuiRunner\tests\nunit-gui.tests.csproj", "{AAD27267-DE1F-4F61-A1FB-D1680A5B8001}"
EndProject
Project("{FAE04EC0-301F-11D3-BF4B-00C04F79EFBC}") = "nunit-gui.exe", "src\GuiRunner\nunit-gui-exe\nunit-gui.exe.csproj", "{AAB186A4-FA3D-404D-AD78-7EB5BB861655}"
EndProject
Project("{FAE04EC0-301F-11D3-BF4B-00C04F79EFBC}") = "nunit.core.tests", "src\NUnitCore\tests\nunit.core.tests.csproj", "{DD758D21-E5D5-4D40-9450-5F65A32F359C}"
EndProject
Project("{FAE04EC0-301F-11D3-BF4B-00C04F79EFBC}") = "nunit.core.interfaces.dll", "src\NUnitCore\interfaces\nunit.core.interfaces.dll.csproj", "{435428F8-5995-4CE4-8022-93D595A8CC0F}"
EndProject
Project("{FAE04EC0-301F-11D3-BF4B-00C04F79EFBC}") = "nunit.core.dll", "src\NUnitCore\core\nunit.core.dll.csproj", "{EBD43A7F-AFCA-4281-BB53-5CDD91F966A3}"
EndProject
Project("{FAE04EC0-301F-11D3-BF4B-00C04F79EFBC}") = "nunit.uikit.tests", "src\GuiComponents\tests\nunit.uikit.tests.csproj", "{63EC3999-FA6B-4C5B-8805-5A88AF4CBD7B}"
EndProject
Project("{FAE04EC0-301F-11D3-BF4B-00C04F79EFBC}") = "nunit.uikit.dll", "src\GuiComponents\UiKit\nunit.uikit.dll.csproj", "{27531BBF-183D-4C3A-935B-D840B9F1A3A4}"
EndProject
Project("{FAE04EC0-301F-11D3-BF4B-00C04F79EFBC}") = "nunit.uiexception.tests", "src\GuiException\tests\nunit.uiexception.tests.csproj", "{092486D0-6AB9-4134-932F-0FDA10704455}"
EndProject
Project("{FAE04EC0-301F-11D3-BF4B-00C04F79EFBC}") = "nunit.uiexception.dll", "src\GuiException\UiException\nunit.uiexception.dll.csproj", "{3E87A106-EB20-4147-84C8-95B0BB43A1D4}"
EndProject
Project("{FAE04EC0-301F-11D3-BF4B-00C04F79EFBC}") = "mock-assembly", "src\tests\mock-assembly\mock-assembly.csproj", "{2E368281-3BA8-4050-B05E-0E0E43F8F446}"
EndProject
Project("{FAE04EC0-301F-11D3-BF4B-00C04F79EFBC}") = "nonamespace-assembly", "src\tests\nonamespace-assembly\nonamespace-assembly.csproj", "{5110F0D2-8E50-46F8-9E17-7C8EBFECCA9D}"
EndProject
Project("{FAE04EC0-301F-11D3-BF4B-00C04F79EFBC}") = "test-utilities", "src\tests\test-utilities\test-utilities.csproj", "{3E63AD0F-24D4-46BE-BEE4-5A3299847D86}"
EndProject
Project("{FAE04EC0-301F-11D3-BF4B-00C04F79EFBC}") = "test-assembly", "src\tests\test-assembly\test-assembly.csproj", "{1960CAC4-9A82-47C5-A9B3-55BC37572C3C}"
EndProject
Project("{FAE04EC0-301F-11D3-BF4B-00C04F79EFBC}") = "nunit.mocks.tests", "src\NUnitMocks\tests\nunit.mocks.tests.csproj", "{8667C588-1A05-4773-A9E8-272EB302B8AB}"
EndProject
Project("{FAE04EC0-301F-11D3-BF4B-00C04F79EFBC}") = "nunit.mocks", "src\NUnitMocks\mocks\nunit.mocks.csproj", "{EEE7C98B-23E6-472D-9036-C2D53B0DFE7C}"
EndProject
Project("{FAE04EC0-301F-11D3-BF4B-00C04F79EFBC}") = "pnunit-agent", "src\PNUnit\agent\pnunit-agent.csproj", "{621C27DA-CC29-4663-9FE4-BF5A67970C18}"
EndProject
Project("{FAE04EC0-301F-11D3-BF4B-00C04F79EFBC}") = "pnunit-launcher", "src\PNUnit\launcher\pnunit-launcher.csproj", "{91FC5C92-E801-4446-B4D6-EAC5B56A4DB2}"
EndProject
Project("{FAE04EC0-301F-11D3-BF4B-00C04F79EFBC}") = "pnunit.tests", "src\PNUnit\tests\pnunit.tests.csproj", "{319B9238-76BE-4335-9B4D-F8E43C4B124F}"
EndProject
Project("{FAE04EC0-301F-11D3-BF4B-00C04F79EFBC}") = "pnunit.framework", "src\PNUnit\pnunit.framework\pnunit.framework.csproj", "{5261ABA1-98E6-4603-A4F0-59CAC307AC68}"
EndProject
Project("{FAE04EC0-301F-11D3-BF4B-00C04F79EFBC}") = "nunit-agent.exe", "src\NUnitTestServer\nunit-agent-exe\nunit-agent.exe.csproj", "{3E469CD9-FED2-4955-AE4C-669A74CA6767}"
EndProject
Project("{FAE04EC0-301F-11D3-BF4B-00C04F79EFBC}") = "nunit-editor", "src\ProjectEditor\editor\nunit-editor.csproj", "{ED57DCEC-3C16-4A90-BD3C-4D5BE5AD70FB}"
EndProject
Project("{FAE04EC0-301F-11D3-BF4B-00C04F79EFBC}") = "nunit-editor.tests", "src\ProjectEditor\tests\nunit-editor.tests.csproj", "{A9E1C1E9-AE97-4510-AD94-EAFADE425FBE}"
EndProject
Global
	GlobalSection(SolutionConfigurationPlatforms) = preSolution
		Debug|Any CPU = Debug|Any CPU
		Release|Any CPU = Release|Any CPU
	EndGlobalSection
	GlobalSection(ProjectConfigurationPlatforms) = postSolution
		{8C326431-AE57-4645-ACC1-A90A0B425129}.Debug|Any CPU.ActiveCfg = Debug|Any CPU
		{8C326431-AE57-4645-ACC1-A90A0B425129}.Debug|Any CPU.Build.0 = Debug|Any CPU
		{8C326431-AE57-4645-ACC1-A90A0B425129}.Release|Any CPU.ActiveCfg = Release|Any CPU
		{8C326431-AE57-4645-ACC1-A90A0B425129}.Release|Any CPU.Build.0 = Release|Any CPU
		{83DD7E12-A705-4DBA-9D71-09C8973D9382}.Debug|Any CPU.ActiveCfg = Debug|Any CPU
		{83DD7E12-A705-4DBA-9D71-09C8973D9382}.Debug|Any CPU.Build.0 = Debug|Any CPU
		{83DD7E12-A705-4DBA-9D71-09C8973D9382}.Release|Any CPU.ActiveCfg = Release|Any CPU
		{83DD7E12-A705-4DBA-9D71-09C8973D9382}.Release|Any CPU.Build.0 = Release|Any CPU
		{74EF7165-117E-48ED-98EA-068EAE438E53}.Debug|Any CPU.ActiveCfg = Debug|Any CPU
		{74EF7165-117E-48ED-98EA-068EAE438E53}.Debug|Any CPU.Build.0 = Debug|Any CPU
		{74EF7165-117E-48ED-98EA-068EAE438E53}.Release|Any CPU.ActiveCfg = Release|Any CPU
		{74EF7165-117E-48ED-98EA-068EAE438E53}.Release|Any CPU.Build.0 = Release|Any CPU
		{61CE9CE5-943E-44D4-A381-814DC1406767}.Debug|Any CPU.ActiveCfg = Debug|Any CPU
		{61CE9CE5-943E-44D4-A381-814DC1406767}.Debug|Any CPU.Build.0 = Debug|Any CPU
		{61CE9CE5-943E-44D4-A381-814DC1406767}.Release|Any CPU.ActiveCfg = Release|Any CPU
		{61CE9CE5-943E-44D4-A381-814DC1406767}.Release|Any CPU.Build.0 = Release|Any CPU
		{8597D2C6-804D-48CB-BFC7-ED2404D389B0}.Debug|Any CPU.ActiveCfg = Debug|Any CPU
		{8597D2C6-804D-48CB-BFC7-ED2404D389B0}.Debug|Any CPU.Build.0 = Debug|Any CPU
		{8597D2C6-804D-48CB-BFC7-ED2404D389B0}.Release|Any CPU.ActiveCfg = Release|Any CPU
		{8597D2C6-804D-48CB-BFC7-ED2404D389B0}.Release|Any CPU.Build.0 = Release|Any CPU
		{9367EC89-6A38-42BA-9607-0DC288E4BC3A}.Debug|Any CPU.ActiveCfg = Debug|Any CPU
		{9367EC89-6A38-42BA-9607-0DC288E4BC3A}.Debug|Any CPU.Build.0 = Debug|Any CPU
		{9367EC89-6A38-42BA-9607-0DC288E4BC3A}.Release|Any CPU.ActiveCfg = Release|Any CPU
		{9367EC89-6A38-42BA-9607-0DC288E4BC3A}.Release|Any CPU.Build.0 = Release|Any CPU
		{53BF8787-CB9C-4BB8-AFB4-605DD3A5CA0E}.Debug|Any CPU.ActiveCfg = Debug|Any CPU
		{53BF8787-CB9C-4BB8-AFB4-605DD3A5CA0E}.Debug|Any CPU.Build.0 = Debug|Any CPU
		{53BF8787-CB9C-4BB8-AFB4-605DD3A5CA0E}.Release|Any CPU.ActiveCfg = Release|Any CPU
		{53BF8787-CB9C-4BB8-AFB4-605DD3A5CA0E}.Release|Any CPU.Build.0 = Release|Any CPU
		{3FF340D5-D3B4-4DF0-BAF1-98B3C00B6148}.Debug|Any CPU.ActiveCfg = Debug|Any CPU
		{3FF340D5-D3B4-4DF0-BAF1-98B3C00B6148}.Debug|Any CPU.Build.0 = Debug|Any CPU
		{3FF340D5-D3B4-4DF0-BAF1-98B3C00B6148}.Release|Any CPU.ActiveCfg = Release|Any CPU
		{3FF340D5-D3B4-4DF0-BAF1-98B3C00B6148}.Release|Any CPU.Build.0 = Release|Any CPU
		{AAD27267-DE1F-4F61-A1FB-D1680A5B8001}.Debug|Any CPU.ActiveCfg = Debug|Any CPU
		{AAD27267-DE1F-4F61-A1FB-D1680A5B8001}.Debug|Any CPU.Build.0 = Debug|Any CPU
		{AAD27267-DE1F-4F61-A1FB-D1680A5B8001}.Release|Any CPU.ActiveCfg = Release|Any CPU
		{AAD27267-DE1F-4F61-A1FB-D1680A5B8001}.Release|Any CPU.Build.0 = Release|Any CPU
		{AAB186A4-FA3D-404D-AD78-7EB5BB861655}.Debug|Any CPU.ActiveCfg = Debug|Any CPU
		{AAB186A4-FA3D-404D-AD78-7EB5BB861655}.Debug|Any CPU.Build.0 = Debug|Any CPU
		{AAB186A4-FA3D-404D-AD78-7EB5BB861655}.Release|Any CPU.ActiveCfg = Release|Any CPU
		{AAB186A4-FA3D-404D-AD78-7EB5BB861655}.Release|Any CPU.Build.0 = Release|Any CPU
		{DD758D21-E5D5-4D40-9450-5F65A32F359C}.Debug|Any CPU.ActiveCfg = Debug|Any CPU
		{DD758D21-E5D5-4D40-9450-5F65A32F359C}.Debug|Any CPU.Build.0 = Debug|Any CPU
		{DD758D21-E5D5-4D40-9450-5F65A32F359C}.Release|Any CPU.ActiveCfg = Release|Any CPU
		{DD758D21-E5D5-4D40-9450-5F65A32F359C}.Release|Any CPU.Build.0 = Release|Any CPU
		{435428F8-5995-4CE4-8022-93D595A8CC0F}.Debug|Any CPU.ActiveCfg = Debug|Any CPU
		{435428F8-5995-4CE4-8022-93D595A8CC0F}.Debug|Any CPU.Build.0 = Debug|Any CPU
		{435428F8-5995-4CE4-8022-93D595A8CC0F}.Release|Any CPU.ActiveCfg = Release|Any CPU
		{435428F8-5995-4CE4-8022-93D595A8CC0F}.Release|Any CPU.Build.0 = Release|Any CPU
		{EBD43A7F-AFCA-4281-BB53-5CDD91F966A3}.Debug|Any CPU.ActiveCfg = Debug|Any CPU
		{EBD43A7F-AFCA-4281-BB53-5CDD91F966A3}.Debug|Any CPU.Build.0 = Debug|Any CPU
		{EBD43A7F-AFCA-4281-BB53-5CDD91F966A3}.Release|Any CPU.ActiveCfg = Release|Any CPU
		{EBD43A7F-AFCA-4281-BB53-5CDD91F966A3}.Release|Any CPU.Build.0 = Release|Any CPU
		{63EC3999-FA6B-4C5B-8805-5A88AF4CBD7B}.Debug|Any CPU.ActiveCfg = Debug|Any CPU
		{63EC3999-FA6B-4C5B-8805-5A88AF4CBD7B}.Debug|Any CPU.Build.0 = Debug|Any CPU
		{63EC3999-FA6B-4C5B-8805-5A88AF4CBD7B}.Release|Any CPU.ActiveCfg = Release|Any CPU
		{63EC3999-FA6B-4C5B-8805-5A88AF4CBD7B}.Release|Any CPU.Build.0 = Release|Any CPU
		{27531BBF-183D-4C3A-935B-D840B9F1A3A4}.Debug|Any CPU.ActiveCfg = Debug|Any CPU
		{27531BBF-183D-4C3A-935B-D840B9F1A3A4}.Debug|Any CPU.Build.0 = Debug|Any CPU
		{27531BBF-183D-4C3A-935B-D840B9F1A3A4}.Release|Any CPU.ActiveCfg = Release|Any CPU
		{27531BBF-183D-4C3A-935B-D840B9F1A3A4}.Release|Any CPU.Build.0 = Release|Any CPU
		{092486D0-6AB9-4134-932F-0FDA10704455}.Debug|Any CPU.ActiveCfg = Debug|Any CPU
		{092486D0-6AB9-4134-932F-0FDA10704455}.Debug|Any CPU.Build.0 = Debug|Any CPU
		{092486D0-6AB9-4134-932F-0FDA10704455}.Release|Any CPU.ActiveCfg = Release|Any CPU
		{092486D0-6AB9-4134-932F-0FDA10704455}.Release|Any CPU.Build.0 = Release|Any CPU
		{3E87A106-EB20-4147-84C8-95B0BB43A1D4}.Debug|Any CPU.ActiveCfg = Debug|Any CPU
		{3E87A106-EB20-4147-84C8-95B0BB43A1D4}.Debug|Any CPU.Build.0 = Debug|Any CPU
		{3E87A106-EB20-4147-84C8-95B0BB43A1D4}.Release|Any CPU.ActiveCfg = Release|Any CPU
		{3E87A106-EB20-4147-84C8-95B0BB43A1D4}.Release|Any CPU.Build.0 = Release|Any CPU
		{2E368281-3BA8-4050-B05E-0E0E43F8F446}.Debug|Any CPU.ActiveCfg = Debug|Any CPU
		{2E368281-3BA8-4050-B05E-0E0E43F8F446}.Debug|Any CPU.Build.0 = Debug|Any CPU
		{2E368281-3BA8-4050-B05E-0E0E43F8F446}.Release|Any CPU.ActiveCfg = Release|Any CPU
		{2E368281-3BA8-4050-B05E-0E0E43F8F446}.Release|Any CPU.Build.0 = Release|Any CPU
		{5110F0D2-8E50-46F8-9E17-7C8EBFECCA9D}.Debug|Any CPU.ActiveCfg = Debug|Any CPU
		{5110F0D2-8E50-46F8-9E17-7C8EBFECCA9D}.Debug|Any CPU.Build.0 = Debug|Any CPU
		{5110F0D2-8E50-46F8-9E17-7C8EBFECCA9D}.Release|Any CPU.ActiveCfg = Release|Any CPU
		{5110F0D2-8E50-46F8-9E17-7C8EBFECCA9D}.Release|Any CPU.Build.0 = Release|Any CPU
		{3E63AD0F-24D4-46BE-BEE4-5A3299847D86}.Debug|Any CPU.ActiveCfg = Debug|Any CPU
		{3E63AD0F-24D4-46BE-BEE4-5A3299847D86}.Debug|Any CPU.Build.0 = Debug|Any CPU
		{3E63AD0F-24D4-46BE-BEE4-5A3299847D86}.Release|Any CPU.ActiveCfg = Release|Any CPU
		{3E63AD0F-24D4-46BE-BEE4-5A3299847D86}.Release|Any CPU.Build.0 = Release|Any CPU
		{1960CAC4-9A82-47C5-A9B3-55BC37572C3C}.Debug|Any CPU.ActiveCfg = Debug|Any CPU
		{1960CAC4-9A82-47C5-A9B3-55BC37572C3C}.Debug|Any CPU.Build.0 = Debug|Any CPU
		{1960CAC4-9A82-47C5-A9B3-55BC37572C3C}.Release|Any CPU.ActiveCfg = Release|Any CPU
		{1960CAC4-9A82-47C5-A9B3-55BC37572C3C}.Release|Any CPU.Build.0 = Release|Any CPU
		{8667C588-1A05-4773-A9E8-272EB302B8AB}.Debug|Any CPU.ActiveCfg = Debug|Any CPU
		{8667C588-1A05-4773-A9E8-272EB302B8AB}.Debug|Any CPU.Build.0 = Debug|Any CPU
		{8667C588-1A05-4773-A9E8-272EB302B8AB}.Release|Any CPU.ActiveCfg = Release|Any CPU
		{8667C588-1A05-4773-A9E8-272EB302B8AB}.Release|Any CPU.Build.0 = Release|Any CPU
		{EEE7C98B-23E6-472D-9036-C2D53B0DFE7C}.Debug|Any CPU.ActiveCfg = Debug|Any CPU
		{EEE7C98B-23E6-472D-9036-C2D53B0DFE7C}.Debug|Any CPU.Build.0 = Debug|Any CPU
		{EEE7C98B-23E6-472D-9036-C2D53B0DFE7C}.Release|Any CPU.ActiveCfg = Release|Any CPU
		{EEE7C98B-23E6-472D-9036-C2D53B0DFE7C}.Release|Any CPU.Build.0 = Release|Any CPU
		{621C27DA-CC29-4663-9FE4-BF5A67970C18}.Debug|Any CPU.ActiveCfg = Debug|Any CPU
		{621C27DA-CC29-4663-9FE4-BF5A67970C18}.Debug|Any CPU.Build.0 = Debug|Any CPU
		{621C27DA-CC29-4663-9FE4-BF5A67970C18}.Release|Any CPU.ActiveCfg = Release|Any CPU
		{621C27DA-CC29-4663-9FE4-BF5A67970C18}.Release|Any CPU.Build.0 = Release|Any CPU
		{91FC5C92-E801-4446-B4D6-EAC5B56A4DB2}.Debug|Any CPU.ActiveCfg = Debug|Any CPU
		{91FC5C92-E801-4446-B4D6-EAC5B56A4DB2}.Debug|Any CPU.Build.0 = Debug|Any CPU
		{91FC5C92-E801-4446-B4D6-EAC5B56A4DB2}.Release|Any CPU.ActiveCfg = Release|Any CPU
		{91FC5C92-E801-4446-B4D6-EAC5B56A4DB2}.Release|Any CPU.Build.0 = Release|Any CPU
		{319B9238-76BE-4335-9B4D-F8E43C4B124F}.Debug|Any CPU.ActiveCfg = Debug|Any CPU
		{319B9238-76BE-4335-9B4D-F8E43C4B124F}.Debug|Any CPU.Build.0 = Debug|Any CPU
		{319B9238-76BE-4335-9B4D-F8E43C4B124F}.Release|Any CPU.ActiveCfg = Release|Any CPU
		{319B9238-76BE-4335-9B4D-F8E43C4B124F}.Release|Any CPU.Build.0 = Release|Any CPU
		{5261ABA1-98E6-4603-A4F0-59CAC307AC68}.Debug|Any CPU.ActiveCfg = Debug|Any CPU
		{5261ABA1-98E6-4603-A4F0-59CAC307AC68}.Debug|Any CPU.Build.0 = Debug|Any CPU
		{5261ABA1-98E6-4603-A4F0-59CAC307AC68}.Release|Any CPU.ActiveCfg = Release|Any CPU
		{5261ABA1-98E6-4603-A4F0-59CAC307AC68}.Release|Any CPU.Build.0 = Release|Any CPU
		{3E469CD9-FED2-4955-AE4C-669A74CA6767}.Debug|Any CPU.ActiveCfg = Debug|Any CPU
		{3E469CD9-FED2-4955-AE4C-669A74CA6767}.Debug|Any CPU.Build.0 = Debug|Any CPU
		{3E469CD9-FED2-4955-AE4C-669A74CA6767}.Release|Any CPU.ActiveCfg = Release|Any CPU
		{3E469CD9-FED2-4955-AE4C-669A74CA6767}.Release|Any CPU.Build.0 = Release|Any CPU
		{ED57DCEC-3C16-4A90-BD3C-4D5BE5AD70FB}.Debug|Any CPU.ActiveCfg = Debug|Any CPU
		{ED57DCEC-3C16-4A90-BD3C-4D5BE5AD70FB}.Debug|Any CPU.Build.0 = Debug|Any CPU
		{ED57DCEC-3C16-4A90-BD3C-4D5BE5AD70FB}.Release|Any CPU.ActiveCfg = Release|Any CPU
		{ED57DCEC-3C16-4A90-BD3C-4D5BE5AD70FB}.Release|Any CPU.Build.0 = Release|Any CPU
		{A9E1C1E9-AE97-4510-AD94-EAFADE425FBE}.Debug|Any CPU.ActiveCfg = Debug|Any CPU
		{A9E1C1E9-AE97-4510-AD94-EAFADE425FBE}.Debug|Any CPU.Build.0 = Debug|Any CPU
		{A9E1C1E9-AE97-4510-AD94-EAFADE425FBE}.Release|Any CPU.ActiveCfg = Release|Any CPU
		{A9E1C1E9-AE97-4510-AD94-EAFADE425FBE}.Release|Any CPU.Build.0 = Release|Any CPU
	EndGlobalSection
	GlobalSection(SolutionProperties) = preSolution
		HideSolutionNode = FALSE
	EndGlobalSection
	GlobalSection(NestedProjects) = preSolution
		{A785FC02-6044-4864-BE24-4593CAD23A97} = {A65042E1-D8BC-48DD-8DE1-F0991F07EA77}
		{8C326431-AE57-4645-ACC1-A90A0B425129} = {A2FF9F1B-1854-479A-859C-6ECEBF045E4C}
		{83DD7E12-A705-4DBA-9D71-09C8973D9382} = {A2FF9F1B-1854-479A-859C-6ECEBF045E4C}
		{74EF7165-117E-48ED-98EA-068EAE438E53} = {D448BA20-BA70-4F70-AF53-4C0E6C1E97E7}
		{61CE9CE5-943E-44D4-A381-814DC1406767} = {D448BA20-BA70-4F70-AF53-4C0E6C1E97E7}
		{8597D2C6-804D-48CB-BFC7-ED2404D389B0} = {1DBAF726-8009-41CC-B82A-4EFE94CBEEFC}
		{9367EC89-6A38-42BA-9607-0DC288E4BC3A} = {1DBAF726-8009-41CC-B82A-4EFE94CBEEFC}
		{53BF8787-CB9C-4BB8-AFB4-605DD3A5CA0E} = {1DBAF726-8009-41CC-B82A-4EFE94CBEEFC}
		{3FF340D5-D3B4-4DF0-BAF1-98B3C00B6148} = {77D10207-CB02-4C3A-8734-5A5173E3C506}
		{AAD27267-DE1F-4F61-A1FB-D1680A5B8001} = {77D10207-CB02-4C3A-8734-5A5173E3C506}
		{AAB186A4-FA3D-404D-AD78-7EB5BB861655} = {77D10207-CB02-4C3A-8734-5A5173E3C506}
		{DD758D21-E5D5-4D40-9450-5F65A32F359C} = {AEAED2BD-F22D-42C8-9047-F293BEF70EAB}
		{435428F8-5995-4CE4-8022-93D595A8CC0F} = {AEAED2BD-F22D-42C8-9047-F293BEF70EAB}
		{EBD43A7F-AFCA-4281-BB53-5CDD91F966A3} = {AEAED2BD-F22D-42C8-9047-F293BEF70EAB}
		{63EC3999-FA6B-4C5B-8805-5A88AF4CBD7B} = {168F8C38-129C-454A-B112-F456BC7F4FE4}
		{27531BBF-183D-4C3A-935B-D840B9F1A3A4} = {168F8C38-129C-454A-B112-F456BC7F4FE4}
		{092486D0-6AB9-4134-932F-0FDA10704455} = {35A92AA3-A1E6-426E-8D96-322F3EBF1C8D}
		{3E87A106-EB20-4147-84C8-95B0BB43A1D4} = {35A92AA3-A1E6-426E-8D96-322F3EBF1C8D}
		{2E368281-3BA8-4050-B05E-0E0E43F8F446} = {6142B985-EA14-4DE0-884F-E62D89949E1D}
		{5110F0D2-8E50-46F8-9E17-7C8EBFECCA9D} = {6142B985-EA14-4DE0-884F-E62D89949E1D}
		{3E63AD0F-24D4-46BE-BEE4-5A3299847D86} = {6142B985-EA14-4DE0-884F-E62D89949E1D}
		{1960CAC4-9A82-47C5-A9B3-55BC37572C3C} = {6142B985-EA14-4DE0-884F-E62D89949E1D}
		{8667C588-1A05-4773-A9E8-272EB302B8AB} = {7740410A-54B5-4334-8DE3-6D6F616BD6A5}
		{EEE7C98B-23E6-472D-9036-C2D53B0DFE7C} = {7740410A-54B5-4334-8DE3-6D6F616BD6A5}
		{621C27DA-CC29-4663-9FE4-BF5A67970C18} = {979724B8-6FAA-400F-B40D-EB653A815C87}
		{91FC5C92-E801-4446-B4D6-EAC5B56A4DB2} = {979724B8-6FAA-400F-B40D-EB653A815C87}
		{319B9238-76BE-4335-9B4D-F8E43C4B124F} = {979724B8-6FAA-400F-B40D-EB653A815C87}
		{5261ABA1-98E6-4603-A4F0-59CAC307AC68} = {979724B8-6FAA-400F-B40D-EB653A815C87}
		{3E469CD9-FED2-4955-AE4C-669A74CA6767} = {D029F8FD-84E3-4AD3-8F1B-CCA0C856E659}
		{ED57DCEC-3C16-4A90-BD3C-4D5BE5AD70FB} = {992367F7-9154-4424-B55E-3EF8673A2A36}
		{A9E1C1E9-AE97-4510-AD94-EAFADE425FBE} = {992367F7-9154-4424-B55E-3EF8673A2A36}
	EndGlobalSection
	GlobalSection(MonoDevelopProperties) = preSolution
		StartupItem = src\ConsoleRunner\nunit-console-exe\nunit-console.exe.csproj
	EndGlobalSection
EndGlobal
